dependencies:
  example/cmp:
    component_hash: c29f41d59ec860dff32ffa68a20b98b06928dc2111595c5dae368cddc616657c
    dependencies:
    - name: idf
      require: private
      version: '>=4.1'
    source:
      registry_url: https://components.espressif.com/
      type: service
    version: 3.3.9~1
  idf:
    source:
      type: idf
    version: 5.5.0
direct_dependencies:
- example/cmp
- idf
manifest_hash: 139a0e908bf372b33fc7a6b1c371e8724521c44d89e8f3d8d7bde3c857cf86ae
target: esp32s3
version: 2.0.0
